
Microsoft Visual Studio Solution File, Format Version 12.00
# Visual Studio Version 16
VisualStudioVersion = 16.0.31624.102
MinimumVisualStudioVersion = 10.0.40219.1
Project("{FAE04EC0-301F-11D3-BF4B-00C04F79EFBC}") = "NumberGuesser", "NumberGuesser\NumberGuesser.csproj", "{3194E4C1-F2E7-49E5-9168-B7E8413E1D00}"
EndProject
Global
	GlobalSection(SolutionConfigurationPlatforms) = preSolution
		Debug|Any CPU = Debug|Any CPU
		Release|Any CPU = Release|Any CPU
	EndGlobalSection
	GlobalSection(ProjectConfigurationPlatforms) = postSolution
		{3194E4C1-F2E7-49E5-9168-B7E8413E1D00}.Debug|Any CPU.ActiveCfg = Debug|Any CPU
		{3194E4C1-F2E7-49E5-9168-B7E8413E1D00}.Debug|Any CPU.Build.0 = Debug|Any CPU
		{3194E4C1-F2E7-49E5-9168-B7E8413E1D00}.Release|Any CPU.ActiveCfg = Release|Any CPU
		{3194E4C1-F2E7-49E5-9168-B7E8413E1D00}.Release|Any CPU.Build.0 = Release|Any CPU
	EndGlobalSection
	GlobalSection(SolutionProperties) = preSolution
		HideSolutionNode = FALSE
	EndGlobalSection
	GlobalSection(ExtensibilityGlobals) = postSolution
		SolutionGuid = {B10F7FCE-DDC4-4437-9108-6DFCF431F12C}
	EndGlobalSection
EndGlobal
